
Microsoft Visual Studio Solution File, Format Version 12.00
# Visual Studio Version 17
VisualStudioVersion = 17.3.32804.467
MinimumVisualStudioVersion = 10.0.40219.1
Project("{FAE04EC0-301F-11D3-BF4B-00C04F79EFBC}") = "fodbold", "fodbold\fodbold.csproj", "{60147C01-12BB-44A6-8835-73282026B77E}"
EndProject
Global
	GlobalSection(SolutionConfigurationPlatforms) = preSolution
		Debug|Any CPU = Debug|Any CPU
		Release|Any CPU = Release|Any CPU
	EndGlobalSection
	GlobalSection(ProjectConfigurationPlatforms) = postSolution
		{60147C01-12BB-44A6-8835-73282026B77E}.Debug|Any CPU.ActiveCfg = Debug|Any CPU
		{60147C01-12BB-44A6-8835-73282026B77E}.Debug|Any CPU.Build.0 = Debug|Any CPU
		{60147C01-12BB-44A6-8835-73282026B77E}.Release|Any CPU.ActiveCfg = Release|Any CPU
		{60147C01-12BB-44A6-8835-73282026B77E}.Release|Any CPU.Build.0 = Release|Any CPU
	EndGlobalSection
	GlobalSection(SolutionProperties) = preSolution
		HideSolutionNode = FALSE
	EndGlobalSection
	GlobalSection(ExtensibilityGlobals) = postSolution
		SolutionGuid = {C225C13A-DFC9-4E0E-AA38-8F57989A796C}
	EndGlobalSection
EndGlobal
