
Microsoft Visual Studio Solution File, Format Version 12.00
# Visual Studio Version 17
VisualStudioVersion = 17.3.32811.315
MinimumVisualStudioVersion = 10.0.40219.1
Project("{FAE04EC0-301F-11D3-BF4B-00C04F79EFBC}") = "OOP003", "OOP003.csproj", "{D0E91960-CAF3-4CE9-9C19-EAC0E8F3C26B}"
EndProject
Global
	GlobalSection(SolutionConfigurationPlatforms) = preSolution
		Debug|Any CPU = Debug|Any CPU
		Release|Any CPU = Release|Any CPU
	EndGlobalSection
	GlobalSection(ProjectConfigurationPlatforms) = postSolution
		{D0E91960-CAF3-4CE9-9C19-EAC0E8F3C26B}.Debug|Any CPU.ActiveCfg = Debug|Any CPU
		{D0E91960-CAF3-4CE9-9C19-EAC0E8F3C26B}.Debug|Any CPU.Build.0 = Debug|Any CPU
		{D0E91960-CAF3-4CE9-9C19-EAC0E8F3C26B}.Release|Any CPU.ActiveCfg = Release|Any CPU
		{D0E91960-CAF3-4CE9-9C19-EAC0E8F3C26B}.Release|Any CPU.Build.0 = Release|Any CPU
	EndGlobalSection
	GlobalSection(SolutionProperties) = preSolution
		HideSolutionNode = FALSE
	EndGlobalSection
	GlobalSection(ExtensibilityGlobals) = postSolution
		SolutionGuid = {930214E6-BF57-4A75-81FF-621291A94BE6}
	EndGlobalSection
EndGlobal
